lockfileVersion: '6.0'

settings:
  autoInstallPeers: true
  excludeLinksFromLockfile: false

devDependencies:
  typescript:
    specifier: ^5.2.2
    version: 5.4.2

packages:

  /typescript@5.4.2:
    resolution: {integrity: sha512-+2/g0Fds1ERlP6JsakQQDXjZdZMM+rqpamFZJEKh4kwTIn3iDkgKtby0CeNd5ATNZ4Ry1ax15TMx0W2V+miizQ==}
    engines: {node: '>=14.17'}
    hasBin: true
    dev: true
